
Microsoft Visual Studio Solution File, Format Version 12.00
# Visual Studio Version 17
VisualStudioVersion = 17.14.36518.9 d17.14
MinimumVisualStudioVersion = 10.0.40219.1
Project("{FAE04EC0-301F-11D3-BF4B-00C04F79EFBC}") = "P6_4_714240047", "P6_4_714240047\P6_4_714240047.csproj", "{A3681539-6979-4DBA-8DDD-8BD85CF72EB1}"
EndProject
Global
	GlobalSection(SolutionConfigurationPlatforms) = preSolution
		Debug|Any CPU = Debug|Any CPU
		Release|Any CPU = Release|Any CPU
	EndGlobalSection
	GlobalSection(ProjectConfigurationPlatforms) = postSolution
		{A3681539-6979-4DBA-8DDD-8BD85CF72EB1}.Debug|Any CPU.ActiveCfg = Debug|Any CPU
		{A3681539-6979-4DBA-8DDD-8BD85CF72EB1}.Debug|Any CPU.Build.0 = Debug|Any CPU
		{A3681539-6979-4DBA-8DDD-8BD85CF72EB1}.Release|Any CPU.ActiveCfg = Release|Any CPU
		{A3681539-6979-4DBA-8DDD-8BD85CF72EB1}.Release|Any CPU.Build.0 = Release|Any CPU
	EndGlobalSection
	GlobalSection(SolutionProperties) = preSolution
		HideSolutionNode = FALSE
	EndGlobalSection
	GlobalSection(ExtensibilityGlobals) = postSolution
		SolutionGuid = {38E135D8-372C-41AC-AC1F-7DB4957E2534}
	EndGlobalSection
EndGlobal
