
Microsoft Visual Studio Solution File, Format Version 12.00
# Visual Studio Version 17
VisualStudioVersion = 17.14.36518.9 d17.14
MinimumVisualStudioVersion = 10.0.40219.1
Project("{FAE04EC0-301F-11D3-BF4B-00C04F79EFBC}") = "P4_2_714240047", "P4_2_714240047\P4_2_714240047.csproj", "{57B5A41F-3DA0-49AB-85DC-C321F166AC20}"
EndProject
Global
	GlobalSection(SolutionConfigurationPlatforms) = preSolution
		Debug|Any CPU = Debug|Any CPU
		Release|Any CPU = Release|Any CPU
	EndGlobalSection
	GlobalSection(ProjectConfigurationPlatforms) = postSolution
		{57B5A41F-3DA0-49AB-85DC-C321F166AC20}.Debug|Any CPU.ActiveCfg = Debug|Any CPU
		{57B5A41F-3DA0-49AB-85DC-C321F166AC20}.Debug|Any CPU.Build.0 = Debug|Any CPU
		{57B5A41F-3DA0-49AB-85DC-C321F166AC20}.Release|Any CPU.ActiveCfg = Release|Any CPU
		{57B5A41F-3DA0-49AB-85DC-C321F166AC20}.Release|Any CPU.Build.0 = Release|Any CPU
	EndGlobalSection
	GlobalSection(SolutionProperties) = preSolution
		HideSolutionNode = FALSE
	EndGlobalSection
	GlobalSection(ExtensibilityGlobals) = postSolution
		SolutionGuid = {18D22DA1-BA74-4B2E-AF65-F23701E8527D}
	EndGlobalSection
EndGlobal
