
Microsoft Visual Studio Solution File, Format Version 12.00
# Visual Studio Version 17
VisualStudioVersion = 17.14.36518.9
MinimumVisualStudioVersion = 10.0.40219.1
Project("{FAE04EC0-301F-11D3-BF4B-00C04F79EFBC}") = "P5_3_714240047", "P5_3_714240047.csproj", "{32FE51C2-3CD6-4901-BCE2-E58FDE3657AF}"
EndProject
Global
	GlobalSection(SolutionConfigurationPlatforms) = preSolution
		Debug|Any CPU = Debug|Any CPU
		Release|Any CPU = Release|Any CPU
	EndGlobalSection
	GlobalSection(ProjectConfigurationPlatforms) = postSolution
		{32FE51C2-3CD6-4901-BCE2-E58FDE3657AF}.Debug|Any CPU.ActiveCfg = Debug|Any CPU
		{32FE51C2-3CD6-4901-BCE2-E58FDE3657AF}.Debug|Any CPU.Build.0 = Debug|Any CPU
		{32FE51C2-3CD6-4901-BCE2-E58FDE3657AF}.Release|Any CPU.ActiveCfg = Release|Any CPU
		{32FE51C2-3CD6-4901-BCE2-E58FDE3657AF}.Release|Any CPU.Build.0 = Release|Any CPU
	EndGlobalSection
	GlobalSection(SolutionProperties) = preSolution
		HideSolutionNode = FALSE
	EndGlobalSection
	GlobalSection(ExtensibilityGlobals) = postSolution
		SolutionGuid = {E9247A2C-D271-46F8-B0AC-CB1A11AA8E3B}
	EndGlobalSection
EndGlobal
