
Microsoft Visual Studio Solution File, Format Version 12.00
# Visual Studio Version 17
VisualStudioVersion = 17.14.36518.9
MinimumVisualStudioVersion = 10.0.40219.1
Project("{FAE04EC0-301F-11D3-BF4B-00C04F79EFBC}") = "P6_1_714240047", "P6_1_714240047.csproj", "{C83FD8AD-9B9E-41B2-AD59-58938C049FDE}"
EndProject
Global
	GlobalSection(SolutionConfigurationPlatforms) = preSolution
		Debug|Any CPU = Debug|Any CPU
		Release|Any CPU = Release|Any CPU
	EndGlobalSection
	GlobalSection(ProjectConfigurationPlatforms) = postSolution
		{C83FD8AD-9B9E-41B2-AD59-58938C049FDE}.Debug|Any CPU.ActiveCfg = Debug|Any CPU
		{C83FD8AD-9B9E-41B2-AD59-58938C049FDE}.Debug|Any CPU.Build.0 = Debug|Any CPU
		{C83FD8AD-9B9E-41B2-AD59-58938C049FDE}.Release|Any CPU.ActiveCfg = Release|Any CPU
		{C83FD8AD-9B9E-41B2-AD59-58938C049FDE}.Release|Any CPU.Build.0 = Release|Any CPU
	EndGlobalSection
	GlobalSection(SolutionProperties) = preSolution
		HideSolutionNode = FALSE
	EndGlobalSection
	GlobalSection(ExtensibilityGlobals) = postSolution
		SolutionGuid = {8C37E95E-1A6E-4B25-A69A-06981D0C28BC}
	EndGlobalSection
EndGlobal
